
Microsoft Visual Studio Solution File, Format Version 11.00
# Visual Studio 2010
Project("{FAE04EC0-301F-11D3-BF4B-00C04F79EFBC}") = "Assembly-CSharp-firstpass", "Assembly-CSharp-firstpass.csproj", "{40B66CE3-CD01-2714-D4C0-A8A88F024493}"
EndProject
Project("{FAE04EC0-301F-11D3-BF4B-00C04F79EFBC}") = "Assembly-CSharp", "Assembly-CSharp.csproj", "{ABA143A7-62C2-14E8-078B-258F0A659C38}"
EndProject
Project("{FAE04EC0-301F-11D3-BF4B-00C04F79EFBC}") = "Assembly-CSharp-Editor-firstpass", "Assembly-CSharp-Editor-firstpass.csproj", "{9FBA1077-6A33-E82D-BF78-5974CF47FFF4}"
EndProject
Global
	GlobalSection(SolutionConfigurationPlatforms) = preSolution
		Debug|Any CPU = Debug|Any CPU
		Release|Any CPU = Release|Any CPU
	EndGlobalSection
	GlobalSection(ProjectConfigurationPlatforms) = postSolution
		{40B66CE3-CD01-2714-D4C0-A8A88F024493}.Debug|Any CPU.ActiveCfg = Debug|Any CPU
		{40B66CE3-CD01-2714-D4C0-A8A88F024493}.Debug|Any CPU.Build.0 = Debug|Any CPU
		{40B66CE3-CD01-2714-D4C0-A8A88F024493}.Release|Any CPU.ActiveCfg = Release|Any CPU
		{40B66CE3-CD01-2714-D4C0-A8A88F024493}.Release|Any CPU.Build.0 = Release|Any CPU
		{ABA143A7-62C2-14E8-078B-258F0A659C38}.Debug|Any CPU.ActiveCfg = Debug|Any CPU
		{ABA143A7-62C2-14E8-078B-258F0A659C38}.Debug|Any CPU.Build.0 = Debug|Any CPU
		{ABA143A7-62C2-14E8-078B-258F0A659C38}.Release|Any CPU.ActiveCfg = Release|Any CPU
		{ABA143A7-62C2-14E8-078B-258F0A659C38}.Release|Any CPU.Build.0 = Release|Any CPU
		{9FBA1077-6A33-E82D-BF78-5974CF47FFF4}.Debug|Any CPU.ActiveCfg = Debug|Any CPU
		{9FBA1077-6A33-E82D-BF78-5974CF47FFF4}.Debug|Any CPU.Build.0 = Debug|Any CPU
		{9FBA1077-6A33-E82D-BF78-5974CF47FFF4}.Release|Any CPU.ActiveCfg = Release|Any CPU
		{9FBA1077-6A33-E82D-BF78-5974CF47FFF4}.Release|Any CPU.Build.0 = Release|Any CPU
	EndGlobalSection
	GlobalSection(SolutionProperties) = preSolution
		HideSolutionNode = FALSE
	EndGlobalSection
	GlobalSection(MonoDevelopProperties) = preSolution
		StartupItem = Assembly-CSharp.csproj
	EndGlobalSection
EndGlobal
